
Microsoft Visual Studio Solution File, Format Version 12.00
# Visual Studio Version 17
VisualStudioVersion = 17.4.33103.184
MinimumVisualStudioVersion = 10.0.40219.1
Project("{FAE04EC0-301F-11D3-BF4B-00C04F79EFBC}") = "PockerApp", "PockerApp\PockerApp.csproj", "{B5D4DA18-2ED5-43B5-9ECC-8FB790EA51F8}"
EndProject
Global
	GlobalSection(SolutionConfigurationPlatforms) = preSolution
		Debug|Any CPU = Debug|Any CPU
		Release|Any CPU = Release|Any CPU
	EndGlobalSection
	GlobalSection(ProjectConfigurationPlatforms) = postSolution
		{B5D4DA18-2ED5-43B5-9ECC-8FB790EA51F8}.Debug|Any CPU.ActiveCfg = Debug|Any CPU
		{B5D4DA18-2ED5-43B5-9ECC-8FB790EA51F8}.Debug|Any CPU.Build.0 = Debug|Any CPU
		{B5D4DA18-2ED5-43B5-9ECC-8FB790EA51F8}.Release|Any CPU.ActiveCfg = Release|Any CPU
		{B5D4DA18-2ED5-43B5-9ECC-8FB790EA51F8}.Release|Any CPU.Build.0 = Release|Any CPU
	EndGlobalSection
	GlobalSection(SolutionProperties) = preSolution
		HideSolutionNode = FALSE
	EndGlobalSection
	GlobalSection(ExtensibilityGlobals) = postSolution
		SolutionGuid = {2BF9B3B4-5406-4751-B7B5-8EF498953305}
	EndGlobalSection
EndGlobal
